<?xml version="1.0" encoding="utf-8"?>
<Project ToolsVersion="4.0" xmlns="http://schemas.microsoft.com/developer/msbuild/2003">
  <ItemGroup>
    <Filter Include="Исходные файлы">
      <UniqueIdentifier>{4FC737F1-C7A5-4376-A066-2A32D752A2FF}</UniqueIdentifier>
      <Extensions>cpp;c;cc;cxx;c++;cppm;ixx;def;odl;idl;hpj;bat;asm;asmx</Extensions>
    </Filter>
    <Filter Include="Файлы заголовков">
      <UniqueIdentifier>{93995380-89BD-4b04-88EB-625FBE52EBFB}</UniqueIdentifier>
      <Extensions>h;hh;hpp;hxx;h++;hm;inl;inc;ipp;xsd</Extensions>
    </Filter>
    <Filter Include="Файлы ресурсов">
      <UniqueIdentifier>{67DA6AB6-F800-4c08-8B7A-83BB121AAD01}</UniqueIdentifier>
      <Extensions>rc;ico;cur;bmp;dlg;rc2;rct;bin;rgs;gif;jpg;jpeg;jpe;resx;tiff;tif;png;wav;mfcribbon-ms</Extensions>
    </Filter>
  </ItemGroup>
  <ItemGroup>
    <ClCompile Include="src\bn.c">
      <Filter>Исходные файлы</Filter>
    </ClCompile>
    <ClCompile Include="src\consts.c">
      <Filter>Исходные файлы</Filter>
    </ClCompile>
    <ClCompile Include="src\main.c">
      <Filter>Исходные файлы</Filter>
    </ClCompile>
    <ClCompile Include="src\mathhelpers.c">
      <Filter>Исходные файлы</Filter>
    </ClCompile>
    <ClCompile Include="src\rnsblocktype.c">
      <Filter>Исходные файлы</Filter>
    </ClCompile>
    <ClCompile Include="src\rnsmodulotype.c">
      <Filter>Исходные файлы</Filter>
    </ClCompile>
    <ClCompile Include="src\rnsuinttype.c">
      <Filter>Исходные файлы</Filter>
    </ClCompile>
    <ClCompile Include="src\frommgmatrix.c">
      <Filter>Исходные файлы</Filter>
    </ClCompile>
    <ClCompile Include="src\tomgmatrix.c">
      <Filter>Исходные файлы</Filter>
    </ClCompile>
    <ClCompile Include="src\montgomery.c">
      <Filter>Исходные файлы</Filter>
    </ClCompile>
    <ClCompile Include="src\RSA.c">
      <Filter>Исходные файлы</Filter>
    </ClCompile>
    <ClCompile Include="lib\include\openssl\applink.c">
      <Filter>Исходные файлы</Filter>
    </ClCompile>
  </ItemGroup>
  <ItemGroup>
    <ClInclude Include="src\bn.h">
      <Filter>Файлы заголовков</Filter>
    </ClInclude>
    <ClInclude Include="src\ccrnstypes.h">
      <Filter>Файлы заголовков</Filter>
    </ClInclude>
    <ClInclude Include="src\consts.h">
      <Filter>Файлы заголовков</Filter>
    </ClInclude>
    <ClInclude Include="src\mathhelpers.h">
      <Filter>Файлы заголовков</Filter>
    </ClInclude>
    <ClInclude Include="src\rnsblocktype.h">
      <Filter>Файлы заголовков</Filter>
    </ClInclude>
    <ClInclude Include="src\rnsmodulotype.h">
      <Filter>Файлы заголовков</Filter>
    </ClInclude>
    <ClInclude Include="src\rnsuinttype.h">
      <Filter>Файлы заголовков</Filter>
    </ClInclude>
    <ClInclude Include="src\montgomery.h">
      <Filter>Файлы заголовков</Filter>
    </ClInclude>
    <ClInclude Include="src\RSA.h">
      <Filter>Файлы заголовков</Filter>
    </ClInclude>
    <ClInclude Include="lib\include\openssl\__DECC_INCLUDE_EPILOGUE.H">
      <Filter>Файлы заголовков</Filter>
    </ClInclude>
    <ClInclude Include="lib\include\openssl\__DECC_INCLUDE_PROLOGUE.H">
      <Filter>Файлы заголовков</Filter>
    </ClInclude>
    <ClInclude Include="lib\include\openssl\aes.h">
      <Filter>Файлы заголовков</Filter>
    </ClInclude>
    <ClInclude Include="lib\include\openssl\asn1.h">
      <Filter>Файлы заголовков</Filter>
    </ClInclude>
    <ClInclude Include="lib\include\openssl\asn1_mac.h">
      <Filter>Файлы заголовков</Filter>
    </ClInclude>
    <ClInclude Include="lib\include\openssl\asn1err.h">
      <Filter>Файлы заголовков</Filter>
    </ClInclude>
    <ClInclude Include="lib\include\openssl\asn1t.h">
      <Filter>Файлы заголовков</Filter>
    </ClInclude>
    <ClInclude Include="lib\include\openssl\async.h">
      <Filter>Файлы заголовков</Filter>
    </ClInclude>
    <ClInclude Include="lib\include\openssl\asyncerr.h">
      <Filter>Файлы заголовков</Filter>
    </ClInclude>
    <ClInclude Include="lib\include\openssl\bio.h">
      <Filter>Файлы заголовков</Filter>
    </ClInclude>
    <ClInclude Include="lib\include\openssl\bioerr.h">
      <Filter>Файлы заголовков</Filter>
    </ClInclude>
    <ClInclude Include="lib\include\openssl\blowfish.h">
      <Filter>Файлы заголовков</Filter>
    </ClInclude>
    <ClInclude Include="lib\include\openssl\bn.h">
      <Filter>Файлы заголовков</Filter>
    </ClInclude>
    <ClInclude Include="lib\include\openssl\bnerr.h">
      <Filter>Файлы заголовков</Filter>
    </ClInclude>
    <ClInclude Include="lib\include\openssl\buffer.h">
      <Filter>Файлы заголовков</Filter>
    </ClInclude>
    <ClInclude Include="lib\include\openssl\buffererr.h">
      <Filter>Файлы заголовков</Filter>
    </ClInclude>
    <ClInclude Include="lib\include\openssl\camellia.h">
      <Filter>Файлы заголовков</Filter>
    </ClInclude>
    <ClInclude Include="lib\include\openssl\cast.h">
      <Filter>Файлы заголовков</Filter>
    </ClInclude>
    <ClInclude Include="lib\include\openssl\cmac.h">
      <Filter>Файлы заголовков</Filter>
    </ClInclude>
    <ClInclude Include="lib\include\openssl\cmp.h">
      <Filter>Файлы заголовков</Filter>
    </ClInclude>
    <ClInclude Include="lib\include\openssl\cmp_util.h">
      <Filter>Файлы заголовков</Filter>
    </ClInclude>
    <ClInclude Include="lib\include\openssl\cmperr.h">
      <Filter>Файлы заголовков</Filter>
    </ClInclude>
    <ClInclude Include="lib\include\openssl\cms.h">
      <Filter>Файлы заголовков</Filter>
    </ClInclude>
    <ClInclude Include="lib\include\openssl\cmserr.h">
      <Filter>Файлы заголовков</Filter>
    </ClInclude>
    <ClInclude Include="lib\include\openssl\comp.h">
      <Filter>Файлы заголовков</Filter>
    </ClInclude>
    <ClInclude Include="lib\include\openssl\comperr.h">
      <Filter>Файлы заголовков</Filter>
    </ClInclude>
    <ClInclude Include="lib\include\openssl\conf.h">
      <Filter>Файлы заголовков</Filter>
    </ClInclude>
    <ClInclude Include="lib\include\openssl\conf_api.h">
      <Filter>Файлы заголовков</Filter>
    </ClInclude>
    <ClInclude Include="lib\include\openssl\conferr.h">
      <Filter>Файлы заголовков</Filter>
    </ClInclude>
    <ClInclude Include="lib\include\openssl\configuration.h">
      <Filter>Файлы заголовков</Filter>
    </ClInclude>
    <ClInclude Include="lib\include\openssl\conftypes.h">
      <Filter>Файлы заголовков</Filter>
    </ClInclude>
    <ClInclude Include="lib\include\openssl\core.h">
      <Filter>Файлы заголовков</Filter>
    </ClInclude>
    <ClInclude Include="lib\include\openssl\core_dispatch.h">
      <Filter>Файлы заголовков</Filter>
    </ClInclude>
    <ClInclude Include="lib\include\openssl\core_names.h">
      <Filter>Файлы заголовков</Filter>
    </ClInclude>
    <ClInclude Include="lib\include\openssl\core_object.h">
      <Filter>Файлы заголовков</Filter>
    </ClInclude>
    <ClInclude Include="lib\include\openssl\crmf.h">
      <Filter>Файлы заголовков</Filter>
    </ClInclude>
    <ClInclude Include="lib\include\openssl\crmferr.h">
      <Filter>Файлы заголовков</Filter>
    </ClInclude>
    <ClInclude Include="lib\include\openssl\crypto.h">
      <Filter>Файлы заголовков</Filter>
    </ClInclude>
    <ClInclude Include="lib\include\openssl\cryptoerr.h">
      <Filter>Файлы заголовков</Filter>
    </ClInclude>
    <ClInclude Include="lib\include\openssl\cryptoerr_legacy.h">
      <Filter>Файлы заголовков</Filter>
    </ClInclude>
    <ClInclude Include="lib\include\openssl\ct.h">
      <Filter>Файлы заголовков</Filter>
    </ClInclude>
    <ClInclude Include="lib\include\openssl\cterr.h">
      <Filter>Файлы заголовков</Filter>
    </ClInclude>
    <ClInclude Include="lib\include\openssl\decoder.h">
      <Filter>Файлы заголовков</Filter>
    </ClInclude>
    <ClInclude Include="lib\include\openssl\decodererr.h">
      <Filter>Файлы заголовков</Filter>
    </ClInclude>
    <ClInclude Include="lib\include\openssl\des.h">
      <Filter>Файлы заголовков</Filter>
    </ClInclude>
    <ClInclude Include="lib\include\openssl\dh.h">
      <Filter>Файлы заголовков</Filter>
    </ClInclude>
    <ClInclude Include="lib\include\openssl\dherr.h">
      <Filter>Файлы заголовков</Filter>
    </ClInclude>
    <ClInclude Include="lib\include\openssl\dsa.h">
      <Filter>Файлы заголовков</Filter>
    </ClInclude>
    <ClInclude Include="lib\include\openssl\dsaerr.h">
      <Filter>Файлы заголовков</Filter>
    </ClInclude>
    <ClInclude Include="lib\include\openssl\dtls1.h">
      <Filter>Файлы заголовков</Filter>
    </ClInclude>
    <ClInclude Include="lib\include\openssl\e_os2.h">
      <Filter>Файлы заголовков</Filter>
    </ClInclude>
    <ClInclude Include="lib\include\openssl\e_ostime.h">
      <Filter>Файлы заголовков</Filter>
    </ClInclude>
    <ClInclude Include="lib\include\openssl\ebcdic.h">
      <Filter>Файлы заголовков</Filter>
    </ClInclude>
    <ClInclude Include="lib\include\openssl\ec.h">
      <Filter>Файлы заголовков</Filter>
    </ClInclude>
    <ClInclude Include="lib\include\openssl\ecdh.h">
      <Filter>Файлы заголовков</Filter>
    </ClInclude>
    <ClInclude Include="lib\include\openssl\ecdsa.h">
      <Filter>Файлы заголовков</Filter>
    </ClInclude>
    <ClInclude Include="lib\include\openssl\ecerr.h">
      <Filter>Файлы заголовков</Filter>
    </ClInclude>
    <ClInclude Include="lib\include\openssl\encoder.h">
      <Filter>Файлы заголовков</Filter>
    </ClInclude>
    <ClInclude Include="lib\include\openssl\encodererr.h">
      <Filter>Файлы заголовков</Filter>
    </ClInclude>
    <ClInclude Include="lib\include\openssl\engine.h">
      <Filter>Файлы заголовков</Filter>
    </ClInclude>
    <ClInclude Include="lib\include\openssl\engineerr.h">
      <Filter>Файлы заголовков</Filter>
    </ClInclude>
    <ClInclude Include="lib\include\openssl\err.h">
      <Filter>Файлы заголовков</Filter>
    </ClInclude>
    <ClInclude Include="lib\include\openssl\ess.h">
      <Filter>Файлы заголовков</Filter>
    </ClInclude>
    <ClInclude Include="lib\include\openssl\esserr.h">
      <Filter>Файлы заголовков</Filter>
    </ClInclude>
    <ClInclude Include="lib\include\openssl\evp.h">
      <Filter>Файлы заголовков</Filter>
    </ClInclude>
    <ClInclude Include="lib\include\openssl\evperr.h">
      <Filter>Файлы заголовков</Filter>
    </ClInclude>
    <ClInclude Include="lib\include\openssl\fips_names.h">
      <Filter>Файлы заголовков</Filter>
    </ClInclude>
    <ClInclude Include="lib\include\openssl\fipskey.h">
      <Filter>Файлы заголовков</Filter>
    </ClInclude>
    <ClInclude Include="lib\include\openssl\hmac.h">
      <Filter>Файлы заголовков</Filter>
    </ClInclude>
    <ClInclude Include="lib\include\openssl\hpke.h">
      <Filter>Файлы заголовков</Filter>
    </ClInclude>
    <ClInclude Include="lib\include\openssl\http.h">
      <Filter>Файлы заголовков</Filter>
    </ClInclude>
    <ClInclude Include="lib\include\openssl\httperr.h">
      <Filter>Файлы заголовков</Filter>
    </ClInclude>
    <ClInclude Include="lib\include\openssl\idea.h">
      <Filter>Файлы заголовков</Filter>
    </ClInclude>
    <ClInclude Include="lib\include\openssl\kdf.h">
      <Filter>Файлы заголовков</Filter>
    </ClInclude>
    <ClInclude Include="lib\include\openssl\kdferr.h">
      <Filter>Файлы заголовков</Filter>
    </ClInclude>
    <ClInclude Include="lib\include\openssl\lhash.h">
      <Filter>Файлы заголовков</Filter>
    </ClInclude>
    <ClInclude Include="lib\include\openssl\macros.h">
      <Filter>Файлы заголовков</Filter>
    </ClInclude>
    <ClInclude Include="lib\include\openssl\md2.h">
      <Filter>Файлы заголовков</Filter>
    </ClInclude>
    <ClInclude Include="lib\include\openssl\md4.h">
      <Filter>Файлы заголовков</Filter>
    </ClInclude>
    <ClInclude Include="lib\include\openssl\md5.h">
      <Filter>Файлы заголовков</Filter>
    </ClInclude>
    <ClInclude Include="lib\include\openssl\mdc2.h">
      <Filter>Файлы заголовков</Filter>
    </ClInclude>
    <ClInclude Include="lib\include\openssl\modes.h">
      <Filter>Файлы заголовков</Filter>
    </ClInclude>
    <ClInclude Include="lib\include\openssl\obj_mac.h">
      <Filter>Файлы заголовков</Filter>
    </ClInclude>
    <ClInclude Include="lib\include\openssl\objects.h">
      <Filter>Файлы заголовков</Filter>
    </ClInclude>
    <ClInclude Include="lib\include\openssl\objectserr.h">
      <Filter>Файлы заголовков</Filter>
    </ClInclude>
    <ClInclude Include="lib\include\openssl\ocsp.h">
      <Filter>Файлы заголовков</Filter>
    </ClInclude>
    <ClInclude Include="lib\include\openssl\ocsperr.h">
      <Filter>Файлы заголовков</Filter>
    </ClInclude>
    <ClInclude Include="lib\include\openssl\opensslconf.h">
      <Filter>Файлы заголовков</Filter>
    </ClInclude>
    <ClInclude Include="lib\include\openssl\opensslv.h">
      <Filter>Файлы заголовков</Filter>
    </ClInclude>
    <ClInclude Include="lib\include\openssl\ossl_typ.h">
      <Filter>Файлы заголовков</Filter>
    </ClInclude>
    <ClInclude Include="lib\include\openssl\param_build.h">
      <Filter>Файлы заголовков</Filter>
    </ClInclude>
    <ClInclude Include="lib\include\openssl\params.h">
      <Filter>Файлы заголовков</Filter>
    </ClInclude>
    <ClInclude Include="lib\include\openssl\pem.h">
      <Filter>Файлы заголовков</Filter>
    </ClInclude>
    <ClInclude Include="lib\include\openssl\pem2.h">
      <Filter>Файлы заголовков</Filter>
    </ClInclude>
    <ClInclude Include="lib\include\openssl\pemerr.h">
      <Filter>Файлы заголовков</Filter>
    </ClInclude>
    <ClInclude Include="lib\include\openssl\pkcs7.h">
      <Filter>Файлы заголовков</Filter>
    </ClInclude>
    <ClInclude Include="lib\include\openssl\pkcs7err.h">
      <Filter>Файлы заголовков</Filter>
    </ClInclude>
    <ClInclude Include="lib\include\openssl\pkcs12.h">
      <Filter>Файлы заголовков</Filter>
    </ClInclude>
    <ClInclude Include="lib\include\openssl\pkcs12err.h">
      <Filter>Файлы заголовков</Filter>
    </ClInclude>
    <ClInclude Include="lib\include\openssl\prov_ssl.h">
      <Filter>Файлы заголовков</Filter>
    </ClInclude>
    <ClInclude Include="lib\include\openssl\proverr.h">
      <Filter>Файлы заголовков</Filter>
    </ClInclude>
    <ClInclude Include="lib\include\openssl\provider.h">
      <Filter>Файлы заголовков</Filter>
    </ClInclude>
    <ClInclude Include="lib\include\openssl\quic.h">
      <Filter>Файлы заголовков</Filter>
    </ClInclude>
    <ClInclude Include="lib\include\openssl\rand.h">
      <Filter>Файлы заголовков</Filter>
    </ClInclude>
    <ClInclude Include="lib\include\openssl\randerr.h">
      <Filter>Файлы заголовков</Filter>
    </ClInclude>
    <ClInclude Include="lib\include\openssl\rc2.h">
      <Filter>Файлы заголовков</Filter>
    </ClInclude>
    <ClInclude Include="lib\include\openssl\rc4.h">
      <Filter>Файлы заголовков</Filter>
    </ClInclude>
    <ClInclude Include="lib\include\openssl\rc5.h">
      <Filter>Файлы заголовков</Filter>
    </ClInclude>
    <ClInclude Include="lib\include\openssl\ripemd.h">
      <Filter>Файлы заголовков</Filter>
    </ClInclude>
    <ClInclude Include="lib\include\openssl\rsa.h">
      <Filter>Файлы заголовков</Filter>
    </ClInclude>
    <ClInclude Include="lib\include\openssl\rsaerr.h">
      <Filter>Файлы заголовков</Filter>
    </ClInclude>
    <ClInclude Include="lib\include\openssl\safestack.h">
      <Filter>Файлы заголовков</Filter>
    </ClInclude>
    <ClInclude Include="lib\include\openssl\seed.h">
      <Filter>Файлы заголовков</Filter>
    </ClInclude>
    <ClInclude Include="lib\include\openssl\self_test.h">
      <Filter>Файлы заголовков</Filter>
    </ClInclude>
    <ClInclude Include="lib\include\openssl\sha.h">
      <Filter>Файлы заголовков</Filter>
    </ClInclude>
    <ClInclude Include="lib\include\openssl\srp.h">
      <Filter>Файлы заголовков</Filter>
    </ClInclude>
    <ClInclude Include="lib\include\openssl\srtp.h">
      <Filter>Файлы заголовков</Filter>
    </ClInclude>
    <ClInclude Include="lib\include\openssl\ssl.h">
      <Filter>Файлы заголовков</Filter>
    </ClInclude>
    <ClInclude Include="lib\include\openssl\ssl2.h">
      <Filter>Файлы заголовков</Filter>
    </ClInclude>
    <ClInclude Include="lib\include\openssl\ssl3.h">
      <Filter>Файлы заголовков</Filter>
    </ClInclude>
    <ClInclude Include="lib\include\openssl\sslerr.h">
      <Filter>Файлы заголовков</Filter>
    </ClInclude>
    <ClInclude Include="lib\include\openssl\sslerr_legacy.h">
      <Filter>Файлы заголовков</Filter>
    </ClInclude>
    <ClInclude Include="lib\include\openssl\stack.h">
      <Filter>Файлы заголовков</Filter>
    </ClInclude>
    <ClInclude Include="lib\include\openssl\store.h">
      <Filter>Файлы заголовков</Filter>
    </ClInclude>
    <ClInclude Include="lib\include\openssl\storeerr.h">
      <Filter>Файлы заголовков</Filter>
    </ClInclude>
    <ClInclude Include="lib\include\openssl\symhacks.h">
      <Filter>Файлы заголовков</Filter>
    </ClInclude>
    <ClInclude Include="lib\include\openssl\thread.h">
      <Filter>Файлы заголовков</Filter>
    </ClInclude>
    <ClInclude Include="lib\include\openssl\tls1.h">
      <Filter>Файлы заголовков</Filter>
    </ClInclude>
    <ClInclude Include="lib\include\openssl\trace.h">
      <Filter>Файлы заголовков</Filter>
    </ClInclude>
    <ClInclude Include="lib\include\openssl\ts.h">
      <Filter>Файлы заголовков</Filter>
    </ClInclude>
    <ClInclude Include="lib\include\openssl\tserr.h">
      <Filter>Файлы заголовков</Filter>
    </ClInclude>
    <ClInclude Include="lib\include\openssl\txt_db.h">
      <Filter>Файлы заголовков</Filter>
    </ClInclude>
    <ClInclude Include="lib\include\openssl\types.h">
      <Filter>Файлы заголовков</Filter>
    </ClInclude>
    <ClInclude Include="lib\include\openssl\ui.h">
      <Filter>Файлы заголовков</Filter>
    </ClInclude>
    <ClInclude Include="lib\include\openssl\uierr.h">
      <Filter>Файлы заголовков</Filter>
    </ClInclude>
    <ClInclude Include="lib\include\openssl\whrlpool.h">
      <Filter>Файлы заголовков</Filter>
    </ClInclude>
    <ClInclude Include="lib\include\openssl\x509.h">
      <Filter>Файлы заголовков</Filter>
    </ClInclude>
    <ClInclude Include="lib\include\openssl\x509_vfy.h">
      <Filter>Файлы заголовков</Filter>
    </ClInclude>
    <ClInclude Include="lib\include\openssl\x509err.h">
      <Filter>Файлы заголовков</Filter>
    </ClInclude>
    <ClInclude Include="lib\include\openssl\x509v3.h">
      <Filter>Файлы заголовков</Filter>
    </ClInclude>
    <ClInclude Include="lib\include\openssl\x509v3err.h">
      <Filter>Файлы заголовков</Filter>
    </ClInclude>
  </ItemGroup>
  <ItemGroup>
    <CopyFileToFolders Include="gmp.dll" />
  </ItemGroup>
  <ItemGroup>
    <None Include="lib\bin\x64\c_rehash.pl" />
    <None Include="lib\bin\x64\libcrypto-3-x64.dll" />
    <None Include="lib\bin\x64\libcrypto-3-x64.pdb" />
    <None Include="lib\bin\x64\libssl-3-x64.dll" />
    <None Include="lib\bin\x64\libssl-3-x64.pdb" />
    <None Include="lib\bin\x64\openssl.exe" />
    <None Include="lib\bin\x64\openssl.pdb" />
    <None Include="lib\lib\x64\gmp.exp" />
    <None Include="lib\lib\x64\gmp.pdb" />
    <None Include="lib\lib\x64\libgmp.pdb" />
  </ItemGroup>
  <ItemGroup>
    <Library Include="lib\lib\x64\gmp.lib" />
    <Library Include="lib\lib\x64\libcrypto.lib" />
    <Library Include="lib\lib\x64\libcrypto_static.lib" />
    <Library Include="lib\lib\x64\libgmp.lib" />
    <Library Include="lib\lib\x64\libssl.lib" />
    <Library Include="lib\lib\x64\libssl_static.lib" />
  </ItemGroup>
</Project>